<?xml version="1.0" encoding="utf-8"?>
<Project ToolsVersion="4.0" xmlns="http://schemas.microsoft.com/developer/msbuild/2003">
  <ItemGroup>
    <Filter Include="Core">
      <UniqueIdentifier>{1ca70584-1205-41bc-b18a-a95286de8d8e}</UniqueIdentifier>
    </Filter>
    <Filter Include="Components">
      <UniqueIdentifier>{189b54f3-f288-4b12-ae80-f5be67b5b490}</UniqueIdentifier>
    </Filter>
    <Filter Include="Math">
      <UniqueIdentifier>{920f0ccf-59d9-41e3-a164-fb9c5cf5b1c7}</UniqueIdentifier>
    </Filter>
  </ItemGroup>
  <ItemGroup>
    <ClInclude Include="Types.h">
      <Filter>Core</Filter>
    </ClInclude>
    <ClInclude Include="Transform.h">
      <Filter>Components</Filter>
    </ClInclude>
    <ClInclude Include="MyMath.h">
      <Filter>Math</Filter>
    </ClInclude>
    <ClInclude Include="EntityManager.h">
      <Filter>Core</Filter>
    </ClInclude>
    <ClInclude Include="ComponentPool.h">
      <Filter>Core</Filter>
    </ClInclude>
  </ItemGroup>
  <ItemGroup>
    <ClCompile Include="MyMath.cpp">
      <Filter>Math</Filter>
    </ClCompile>
    <ClCompile Include="RigidBody.h">
      <Filter>Components</Filter>
    </ClCompile>
    <ClCompile Include="EntityManager.cpp">
      <Filter>Core</Filter>
    </ClCompile>
  </ItemGroup>
</Project>